
Microsoft Visual Studio Solution File, Format Version 12.00
# Visual Studio Version 17
VisualStudioVersion = 17.2.32526.322
MinimumVisualStudioVersion = 10.0.40219.1
Project("{FAE04EC0-301F-11D3-BF4B-00C04F79EFBC}") = "ExemploRefit", "ExemploRefit\ExemploRefit.csproj", "{A007832B-0FD9-4063-B4C5-F25E810F3C08}"
EndProject
Global
	GlobalSection(SolutionConfigurationPlatforms) = preSolution
		Debug|Any CPU = Debug|Any CPU
		Release|Any CPU = Release|Any CPU
	EndGlobalSection
	GlobalSection(ProjectConfigurationPlatforms) = postSolution
		{A007832B-0FD9-4063-B4C5-F25E810F3C08}.Debug|Any CPU.ActiveCfg = Debug|Any CPU
		{A007832B-0FD9-4063-B4C5-F25E810F3C08}.Debug|Any CPU.Build.0 = Debug|Any CPU
		{A007832B-0FD9-4063-B4C5-F25E810F3C08}.Release|Any CPU.ActiveCfg = Release|Any CPU
		{A007832B-0FD9-4063-B4C5-F25E810F3C08}.Release|Any CPU.Build.0 = Release|Any CPU
	EndGlobalSection
	GlobalSection(SolutionProperties) = preSolution
		HideSolutionNode = FALSE
	EndGlobalSection
	GlobalSection(ExtensibilityGlobals) = postSolution
		SolutionGuid = {CB2FA121-D24A-4C5C-85B4-953334A8FA2D}
	EndGlobalSection
EndGlobal
